{
  "name": "pnr-checker",
  "version": "1.0.0",
  "lockfileVersion": 3,
  "requires": true,
  "packages": {
    "": {
      "name": "pnr-checker",
      "version": "1.0.0",
      "license": "ISC",
      "dependencies": {
        "railkit": "^5.0.1"
      }
    },
    "node_modules/railkit": {
      "version": "5.0.1",
      "resolved": "https://registry.npmjs.org/railkit/-/railkit-5.0.1.tgz",
      "integrity": "sha512-3DZsCLLyvtOyKCAUr1DW8ojkG5j0rwqDL3dHL83Ts5BV3CvK+LtD/Hkr+kgjYIrC0o7tRCqaGRs1YyXjn/PF7A==",
      "license": "ISC"
    }
  }
}
